
Microsoft Visual Studio Solution File, Format Version 12.00
# Visual Studio 15
VisualStudioVersion = 15.0.26730.12
MinimumVisualStudioVersion = 10.0.40219.1
Project("{FAE04EC0-301F-11D3-BF4B-00C04F79EFBC}") = "ShowFiles", "ShowFiles\ShowFiles.csproj", "{88A5F63D-83B3-4B95-AB85-0E4790E9DD7F}"
EndProject
Project("{FAE04EC0-301F-11D3-BF4B-00C04F79EFBC}") = "ShowFiles.Tests", "ShowFiles.Tests\ShowFiles.Tests.csproj", "{E092252F-CD53-4AF1-A5F3-FD5E278E8D45}"
EndProject
Global
	GlobalSection(SolutionConfigurationPlatforms) = preSolution
		Debug|Any CPU = Debug|Any CPU
		Release|Any CPU = Release|Any CPU
	EndGlobalSection
	GlobalSection(ProjectConfigurationPlatforms) = postSolution
		{88A5F63D-83B3-4B95-AB85-0E4790E9DD7F}.Debug|Any CPU.ActiveCfg = Debug|Any CPU
		{88A5F63D-83B3-4B95-AB85-0E4790E9DD7F}.Debug|Any CPU.Build.0 = Debug|Any CPU
		{88A5F63D-83B3-4B95-AB85-0E4790E9DD7F}.Release|Any CPU.ActiveCfg = Release|Any CPU
		{88A5F63D-83B3-4B95-AB85-0E4790E9DD7F}.Release|Any CPU.Build.0 = Release|Any CPU
		{E092252F-CD53-4AF1-A5F3-FD5E278E8D45}.Debug|Any CPU.ActiveCfg = Debug|Any CPU
		{E092252F-CD53-4AF1-A5F3-FD5E278E8D45}.Debug|Any CPU.Build.0 = Debug|Any CPU
		{E092252F-CD53-4AF1-A5F3-FD5E278E8D45}.Release|Any CPU.ActiveCfg = Release|Any CPU
		{E092252F-CD53-4AF1-A5F3-FD5E278E8D45}.Release|Any CPU.Build.0 = Release|Any CPU
	EndGlobalSection
	GlobalSection(SolutionProperties) = preSolution
		HideSolutionNode = FALSE
	EndGlobalSection
	GlobalSection(ExtensibilityGlobals) = postSolution
		SolutionGuid = {D980A230-04EE-4B1D-82F1-0E8F9B7E1A7B}
	EndGlobalSection
EndGlobal
